
Microsoft Visual Studio Solution File, Format Version 12.00
# Visual Studio Version 17
VisualStudioVersion = 17.12.35707.178 d17.12
MinimumVisualStudioVersion = 10.0.40219.1
Project("{FAE04EC0-301F-11D3-BF4B-00C04F79EFBC}") = "MatriculaU_BolanosKevin", "MatriculaU_BolanosKevin.csproj", "{D6C4759A-F973-450A-B9AA-93C37C5B4059}"
EndProject
Global
	GlobalSection(SolutionConfigurationPlatforms) = preSolution
		Debug|Any CPU = Debug|Any CPU
		Release|Any CPU = Release|Any CPU
	EndGlobalSection
	GlobalSection(ProjectConfigurationPlatforms) = postSolution
		{D6C4759A-F973-450A-B9AA-93C37C5B4059}.Debug|Any CPU.ActiveCfg = Debug|Any CPU
		{D6C4759A-F973-450A-B9AA-93C37C5B4059}.Debug|Any CPU.Build.0 = Debug|Any CPU
		{D6C4759A-F973-450A-B9AA-93C37C5B4059}.Release|Any CPU.ActiveCfg = Release|Any CPU
		{D6C4759A-F973-450A-B9AA-93C37C5B4059}.Release|Any CPU.Build.0 = Release|Any CPU
	EndGlobalSection
	GlobalSection(SolutionProperties) = preSolution
		HideSolutionNode = FALSE
	EndGlobalSection
EndGlobal
